
Microsoft Visual Studio Solution File, Format Version 12.00
# Visual Studio 14
VisualStudioVersion = 14.0.25420.1
MinimumVisualStudioVersion = 10.0.40219.1
Project("{FAE04EC0-301F-11D3-BF4B-00C04F79EFBC}") = "AM45Secure.Business", "AM45Secure.Business\AM45Secure.Business.csproj", "{5510E925-B8C4-4D94-8C77-E441C6FF991C}"
EndProject
Project("{FAE04EC0-301F-11D3-BF4B-00C04F79EFBC}") = "AM45Secure.DataAccess", "AM45Secure.DataAccess\AM45Secure.DataAccess.csproj", "{6647E386-5220-4DF3-8ABB-3FEFC4A9F6A6}"
EndProject
Project("{FAE04EC0-301F-11D3-BF4B-00C04F79EFBC}") = "AM45Secure.Commons", "AM45Secure.Commons\AM45Secure.Commons.csproj", "{34086AC4-AE26-4AC7-8110-7E9DEEE59353}"
EndProject
Project("{FAE04EC0-301F-11D3-BF4B-00C04F79EFBC}") = "AM45Secure.RESTServices", "AM45Secure.RESTServices\AM45Secure.RESTServices.csproj", "{79BE99E4-C494-4F4C-858E-A06B7F7365B1}"
EndProject
Global
	GlobalSection(SolutionConfigurationPlatforms) = preSolution
		Debug|Any CPU = Debug|Any CPU
		Desarrollo|Any CPU = Desarrollo|Any CPU
		QA|Any CPU = QA|Any CPU
		Release|Any CPU = Release|Any CPU
	EndGlobalSection
	GlobalSection(ProjectConfigurationPlatforms) = postSolution
		{5510E925-B8C4-4D94-8C77-E441C6FF991C}.Debug|Any CPU.ActiveCfg = Debug|Any CPU
		{5510E925-B8C4-4D94-8C77-E441C6FF991C}.Debug|Any CPU.Build.0 = Debug|Any CPU
		{5510E925-B8C4-4D94-8C77-E441C6FF991C}.Desarrollo|Any CPU.ActiveCfg = Desarrollo|Any CPU
		{5510E925-B8C4-4D94-8C77-E441C6FF991C}.Desarrollo|Any CPU.Build.0 = Desarrollo|Any CPU
		{5510E925-B8C4-4D94-8C77-E441C6FF991C}.QA|Any CPU.ActiveCfg = QA|Any CPU
		{5510E925-B8C4-4D94-8C77-E441C6FF991C}.QA|Any CPU.Build.0 = QA|Any CPU
		{5510E925-B8C4-4D94-8C77-E441C6FF991C}.Release|Any CPU.ActiveCfg = Release|Any CPU
		{5510E925-B8C4-4D94-8C77-E441C6FF991C}.Release|Any CPU.Build.0 = Release|Any CPU
		{6647E386-5220-4DF3-8ABB-3FEFC4A9F6A6}.Debug|Any CPU.ActiveCfg = Debug|Any CPU
		{6647E386-5220-4DF3-8ABB-3FEFC4A9F6A6}.Debug|Any CPU.Build.0 = Debug|Any CPU
		{6647E386-5220-4DF3-8ABB-3FEFC4A9F6A6}.Desarrollo|Any CPU.ActiveCfg = Desarrollo|Any CPU
		{6647E386-5220-4DF3-8ABB-3FEFC4A9F6A6}.Desarrollo|Any CPU.Build.0 = Desarrollo|Any CPU
		{6647E386-5220-4DF3-8ABB-3FEFC4A9F6A6}.QA|Any CPU.ActiveCfg = QA|Any CPU
		{6647E386-5220-4DF3-8ABB-3FEFC4A9F6A6}.QA|Any CPU.Build.0 = QA|Any CPU
		{6647E386-5220-4DF3-8ABB-3FEFC4A9F6A6}.Release|Any CPU.ActiveCfg = Release|Any CPU
		{6647E386-5220-4DF3-8ABB-3FEFC4A9F6A6}.Release|Any CPU.Build.0 = Release|Any CPU
		{34086AC4-AE26-4AC7-8110-7E9DEEE59353}.Debug|Any CPU.ActiveCfg = Debug|Any CPU
		{34086AC4-AE26-4AC7-8110-7E9DEEE59353}.Debug|Any CPU.Build.0 = Debug|Any CPU
		{34086AC4-AE26-4AC7-8110-7E9DEEE59353}.Desarrollo|Any CPU.ActiveCfg = Desarrollo|Any CPU
		{34086AC4-AE26-4AC7-8110-7E9DEEE59353}.Desarrollo|Any CPU.Build.0 = Desarrollo|Any CPU
		{34086AC4-AE26-4AC7-8110-7E9DEEE59353}.QA|Any CPU.ActiveCfg = QA|Any CPU
		{34086AC4-AE26-4AC7-8110-7E9DEEE59353}.QA|Any CPU.Build.0 = QA|Any CPU
		{34086AC4-AE26-4AC7-8110-7E9DEEE59353}.Release|Any CPU.ActiveCfg = Release|Any CPU
		{34086AC4-AE26-4AC7-8110-7E9DEEE59353}.Release|Any CPU.Build.0 = Release|Any CPU
		{79BE99E4-C494-4F4C-858E-A06B7F7365B1}.Debug|Any CPU.ActiveCfg = Debug|Any CPU
		{79BE99E4-C494-4F4C-858E-A06B7F7365B1}.Debug|Any CPU.Build.0 = Debug|Any CPU
		{79BE99E4-C494-4F4C-858E-A06B7F7365B1}.Desarrollo|Any CPU.ActiveCfg = Desarrollo|Any CPU
		{79BE99E4-C494-4F4C-858E-A06B7F7365B1}.Desarrollo|Any CPU.Build.0 = Desarrollo|Any CPU
		{79BE99E4-C494-4F4C-858E-A06B7F7365B1}.QA|Any CPU.ActiveCfg = QA|Any CPU
		{79BE99E4-C494-4F4C-858E-A06B7F7365B1}.QA|Any CPU.Build.0 = QA|Any CPU
		{79BE99E4-C494-4F4C-858E-A06B7F7365B1}.Release|Any CPU.ActiveCfg = Release|Any CPU
		{79BE99E4-C494-4F4C-858E-A06B7F7365B1}.Release|Any CPU.Build.0 = Release|Any CPU
	EndGlobalSection
	GlobalSection(SolutionProperties) = preSolution
		HideSolutionNode = FALSE
	EndGlobalSection
EndGlobal
